// !$*UTF8*$!
{
	archiveVersion = 1;
	classes = {
	};
	objectVersion = 51;
	objects = {

/* Begin PBXBuildFile section */
		71050E3E2607969F00A3F733 /* TextRecognitionViewController.swift in Sources */ = {isa = PBXBuildFile; fileRef = 71050E3D2607969F00A3F733 /* TextRecognitionViewController.swift */; };
		71050E41260796BB00A3F733 /* TextRecognitionPresenter.swift in Sources */ = {isa = PBXBuildFile; fileRef = 71050E40260796BB00A3F733 /* TextRecognitionPresenter.swift */; };
		710B614325F912CE0009BADA /* EntryViewController.swift in Sources */ = {isa = PBXBuildFile; fileRef = 710B614125F912CE0009BADA /* EntryViewController.swift */; };
		710B614425F912CE0009BADA /* EntryPageViewController.swift in Sources */ = {isa = PBXBuildFile; fileRef = 710B614225F912CE0009BADA /* EntryPageViewController.swift */; };
		71130DF825F269A600FF0BD6 /* CoreDataService.swift in Sources */ = {isa = PBXBuildFile; fileRef = 71130DF725F269A600FF0BD6 /* CoreDataService.swift */; };
		71130DFB25F26D3700FF0BD6 /* WordlistPresenter.swift in Sources */ = {isa = PBXBuildFile; fileRef = 71130DFA25F26D3700FF0BD6 /* WordlistPresenter.swift */; };
		712419E825F8AD4700A0A8B1 /* Colors.swift in Sources */ = {isa = PBXBuildFile; fileRef = 712419E725F8AD4700A0A8B1 /* Colors.swift */; };
		7128ABDC25ED1915000633AD /* LearnersDictionary.xcdatamodeld in Sources */ = {isa = PBXBuildFile; fileRef = 7128ABDA25ED1915000633AD /* LearnersDictionary.xcdatamodeld */; };
		7128ABDE25ED1916000633AD /* Assets.xcassets in Resources */ = {isa = PBXBuildFile; fileRef = 7128ABDD25ED1916000633AD /* Assets.xcassets */; };
		7128ABE125ED1916000633AD /* LaunchScreen.storyboard in Resources */ = {isa = PBXBuildFile; fileRef = 7128ABDF25ED1916000633AD /* LaunchScreen.storyboard */; };
		7128ABF125ED1938000633AD /* WordlistViewController.swift in Sources */ = {isa = PBXBuildFile; fileRef = 7128ABEC25ED1938000633AD /* WordlistViewController.swift */; };
		7128ABF225ED1938000633AD /* SearchCoordinator.swift in Sources */ = {isa = PBXBuildFile; fileRef = 7128ABED25ED1938000633AD /* SearchCoordinator.swift */; };
		7128ABF325ED1938000633AD /* AppDelegate.swift in Sources */ = {isa = PBXBuildFile; fileRef = 7128ABEE25ED1938000633AD /* AppDelegate.swift */; };
		7128ABF425ED1938000633AD /* MainTabBarController.swift in Sources */ = {isa = PBXBuildFile; fileRef = 7128ABEF25ED1938000633AD /* MainTabBarController.swift */; };
		712CD1212608D33600F6753A /* TextRecognitionService.swift in Sources */ = {isa = PBXBuildFile; fileRef = 712CD1202608D33600F6753A /* TextRecognitionService.swift */; };
		7135B5762608E72300B7CBF8 /* RecognizedWordModel.swift in Sources */ = {isa = PBXBuildFile; fileRef = 7135B5752608E72300B7CBF8 /* RecognizedWordModel.swift */; };
		7148CE462604AD7000E500F7 /* UIViewController.swift in Sources */ = {isa = PBXBuildFile; fileRef = 7148CE452604AD7000E500F7 /* UIViewController.swift */; };
		714F47DF25FFC236008E3434 /* EntryNetworkService.swift in Sources */ = {isa = PBXBuildFile; fileRef = 714F47DE25FFC236008E3434 /* EntryNetworkService.swift */; };
		71519779260F37CC00FFFEEB /* RecognizedWordLayer.swift in Sources */ = {isa = PBXBuildFile; fileRef = 71519778260F37CC00FFFEEB /* RecognizedWordLayer.swift */; };
		7151977C260F3EDE00FFFEEB /* RecognizedWordsImageView.swift in Sources */ = {isa = PBXBuildFile; fileRef = 7151977B260F3EDE00FFFEEB /* RecognizedWordsImageView.swift */; };
		71711999260A1D5A00D2B6AF /* UIImage.swift in Sources */ = {isa = PBXBuildFile; fileRef = 71711998260A1D5A00D2B6AF /* UIImage.swift */; };
		717C4E052607D373005C5A50 /* TextRecognitionCoordinator.swift in Sources */ = {isa = PBXBuildFile; fileRef = 717C4E042607D373005C5A50 /* TextRecognitionCoordinator.swift */; };
		718FD56E25F61BD4002DFC38 /* SenseModel.swift in Sources */ = {isa = PBXBuildFile; fileRef = 718FD56D25F61BD4002DFC38 /* SenseModel.swift */; };
		71B0518025ED684D00A1EA4B /* Wordlist.sqlite in Resources */ = {isa = PBXBuildFile; fileRef = 71B0517F25ED684D00A1EA4B /* Wordlist.sqlite */; };
		71B4CDE52600AF0800034724 /* EntryParserService.swift in Sources */ = {isa = PBXBuildFile; fileRef = 71B4CDE42600AF0800034724 /* EntryParserService.swift */; };
		71B4CDEE2600AFFE00034724 /* EntryParserError.swift in Sources */ = {isa = PBXBuildFile; fileRef = 71B4CDED2600AFFE00034724 /* EntryParserError.swift */; };
		71B4CDF52600B2A600034724 /* EntryPageViewPresenter.swift in Sources */ = {isa = PBXBuildFile; fileRef = 71B4CDF42600B2A600034724 /* EntryPageViewPresenter.swift */; };
		71B4CDFF2600DCA500034724 /* NSAttributedString.swift in Sources */ = {isa = PBXBuildFile; fileRef = 71B4CDFE2600DCA500034724 /* NSAttributedString.swift */; };
		71BABA61260D1C01001B5999 /* ImageScrollView.swift in Sources */ = {isa = PBXBuildFile; fileRef = 71BABA60260D1C01001B5999 /* ImageScrollView.swift */; };
		71DDD0F82614D1D90072A154 /* TextRecognitionProtocols.swift in Sources */ = {isa = PBXBuildFile; fileRef = 71DDD0F72614D1D90072A154 /* TextRecognitionProtocols.swift */; };
		71DDD0FC2614D2190072A154 /* EntryProtocols.swift in Sources */ = {isa = PBXBuildFile; fileRef = 71DDD0FB2614D2190072A154 /* EntryProtocols.swift */; };
		71DDD1022614D3690072A154 /* WordlistProtocols.swift in Sources */ = {isa = PBXBuildFile; fileRef = 71DDD1012614D3690072A154 /* WordlistProtocols.swift */; };
		71DE0DC225FBFE2B008E32F2 /* SearchNavigationController.swift in Sources */ = {isa = PBXBuildFile; fileRef = 71DE0DC125FBFE2B008E32F2 /* SearchNavigationController.swift */; };
		71DE0DC925FC07A1008E32F2 /* EntryToolbar.swift in Sources */ = {isa = PBXBuildFile; fileRef = 71DE0DC825FC07A1008E32F2 /* EntryToolbar.swift */; };
		71E5786B25F52A8200FA98E2 /* Word+CoreDataClass.swift in Sources */ = {isa = PBXBuildFile; fileRef = 71E5786925F52A8200FA98E2 /* Word+CoreDataClass.swift */; };
		71E5786C25F52A8200FA98E2 /* Word+CoreDataProperties.swift in Sources */ = {isa = PBXBuildFile; fileRef = 71E5786A25F52A8200FA98E2 /* Word+CoreDataProperties.swift */; };
		71E5787025F52AC900FA98E2 /* EntryModel.swift in Sources */ = {isa = PBXBuildFile; fileRef = 71E5786F25F52AC900FA98E2 /* EntryModel.swift */; };
		71E5787325F52AD400FA98E2 /* DefinitionModel.swift in Sources */ = {isa = PBXBuildFile; fileRef = 71E5787225F52AD400FA98E2 /* DefinitionModel.swift */; };
		71EEE9A02603422000E6DFDD /* PrivateStrings.swift in Sources */ = {isa = PBXBuildFile; fileRef = 71EEE99F2603422000E6DFDD /* PrivateStrings.swift */; };
		71F8D78D261C816B00696C3A /* EntryRepository.swift in Sources */ = {isa = PBXBuildFile; fileRef = 71F8D78C261C816B00696C3A /* EntryRepository.swift */; };
		71F8D790261C853900696C3A /* EntryNetworkError.swift in Sources */ = {isa = PBXBuildFile; fileRef = 71F8D78F261C853900696C3A /* EntryNetworkError.swift */; };
		996AD9D7AD99228994AEEDE9 /* Pods_LearnersDictionary.framework in Frameworks */ = {isa = PBXBuildFile; fileRef = 765D0C98BA3CAF53792D4B37 /* Pods_LearnersDictionary.framework */; };
/* End PBXBuildFile section */

/* Begin PBXFileReference section */
		67395F5C3941506DD567D0D0 /* Pods-LearnersDictionary.release.xcconfig */ = {isa = PBXFileReference; includeInIndex = 1; lastKnownFileType = text.xcconfig; name = "Pods-LearnersDictionary.release.xcconfig"; path = "Target Support Files/Pods-LearnersDictionary/Pods-LearnersDictionary.release.xcconfig"; sourceTree = "<group>"; };
		71050E3D2607969F00A3F733 /* TextRecognitionViewController.swift */ = {isa = PBXFileReference; lastKnownFileType = sourcecode.swift; path = TextRecognitionViewController.swift; sourceTree = "<group>"; };
		71050E40260796BB00A3F733 /* TextRecognitionPresenter.swift */ = {isa = PBXFileReference; lastKnownFileType = sourcecode.swift; path = TextRecognitionPresenter.swift; sourceTree = "<group>"; };
		710B614125F912CE0009BADA /* EntryViewController.swift */ = {isa = PBXFileReference; fileEncoding = 4; lastKnownFileType = sourcecode.swift; path = EntryViewController.swift; sourceTree = "<group>"; };
		710B614225F912CE0009BADA /* EntryPageViewController.swift */ = {isa = PBXFileReference; fileEncoding = 4; lastKnownFileType = sourcecode.swift; path = EntryPageViewController.swift; sourceTree = "<group>"; };
		71130DF725F269A600FF0BD6 /* CoreDataService.swift */ = {isa = PBXFileReference; lastKnownFileType = sourcecode.swift; path = CoreDataService.swift; sourceTree = "<group>"; };
		71130DFA25F26D3700FF0BD6 /* WordlistPresenter.swift */ = {isa = PBXFileReference; lastKnownFileType = sourcecode.swift; path = WordlistPresenter.swift; sourceTree = "<group>"; };
		712419E725F8AD4700A0A8B1 /* Colors.swift */ = {isa = PBXFileReference; lastKnownFileType = sourcecode.swift; path = Colors.swift; sourceTree = "<group>"; };
		7128ABCE25ED1915000633AD /* LearnersDictionary.app */ = {isa = PBXFileReference; explicitFileType = wrapper.application; includeInIndex = 0; path = LearnersDictionary.app; sourceTree = BUILT_PRODUCTS_DIR; };
		7128ABDB25ED1915000633AD /* LearnersDictionary.xcdatamodel */ = {isa = PBXFileReference; lastKnownFileType = wrapper.xcdatamodel; path = LearnersDictionary.xcdatamodel; sourceTree = "<group>"; };
		7128ABDD25ED1916000633AD /* Assets.xcassets */ = {isa = PBXFileReference; lastKnownFileType = folder.assetcatalog; path = Assets.xcassets; sourceTree = "<group>"; };
		7128ABE025ED1916000633AD /* Base */ = {isa = PBXFileReference; lastKnownFileType = file.storyboard; name = Base; path = Base.lproj/LaunchScreen.storyboard; sourceTree = "<group>"; };
		7128ABE225ED1916000633AD /* Info.plist */ = {isa = PBXFileReference; lastKnownFileType = text.plist.xml; path = Info.plist; sourceTree = "<group>"; };
		7128ABEC25ED1938000633AD /* WordlistViewController.swift */ = {isa = PBXFileReference; fileEncoding = 4; lastKnownFileType = sourcecode.swift; path = WordlistViewController.swift; sourceTree = "<group>"; };
		7128ABED25ED1938000633AD /* SearchCoordinator.swift */ = {isa = PBXFileReference; fileEncoding = 4; lastKnownFileType = sourcecode.swift; path = SearchCoordinator.swift; sourceTree = "<group>"; };
		7128ABEE25ED1938000633AD /* AppDelegate.swift */ = {isa = PBXFileReference; fileEncoding = 4; lastKnownFileType = sourcecode.swift; path = AppDelegate.swift; sourceTree = "<group>"; };
		7128ABEF25ED1938000633AD /* MainTabBarController.swift */ = {isa = PBXFileReference; fileEncoding = 4; lastKnownFileType = sourcecode.swift; path = MainTabBarController.swift; sourceTree = "<group>"; };
		712CD1202608D33600F6753A /* TextRecognitionService.swift */ = {isa = PBXFileReference; lastKnownFileType = sourcecode.swift; path = TextRecognitionService.swift; sourceTree = "<group>"; };
		7135B5752608E72300B7CBF8 /* RecognizedWordModel.swift */ = {isa = PBXFileReference; lastKnownFileType = sourcecode.swift; path = RecognizedWordModel.swift; sourceTree = "<group>"; };
		7148CE452604AD7000E500F7 /* UIViewController.swift */ = {isa = PBXFileReference; lastKnownFileType = sourcecode.swift; path = UIViewController.swift; sourceTree = "<group>"; };
		714F47DE25FFC236008E3434 /* EntryNetworkService.swift */ = {isa = PBXFileReference; lastKnownFileType = sourcecode.swift; path = EntryNetworkService.swift; sourceTree = "<group>"; };
		71519778260F37CC00FFFEEB /* RecognizedWordLayer.swift */ = {isa = PBXFileReference; lastKnownFileType = sourcecode.swift; path = RecognizedWordLayer.swift; sourceTree = "<group>"; };
		7151977B260F3EDE00FFFEEB /* RecognizedWordsImageView.swift */ = {isa = PBXFileReference; lastKnownFileType = sourcecode.swift; path = RecognizedWordsImageView.swift; sourceTree = "<group>"; };
		71711998260A1D5A00D2B6AF /* UIImage.swift */ = {isa = PBXFileReference; lastKnownFileType = sourcecode.swift; path = UIImage.swift; sourceTree = "<group>"; };
		717C4E042607D373005C5A50 /* TextRecognitionCoordinator.swift */ = {isa = PBXFileReference; lastKnownFileType = sourcecode.swift; path = TextRecognitionCoordinator.swift; sourceTree = "<group>"; };
		718FD56D25F61BD4002DFC38 /* SenseModel.swift */ = {isa = PBXFileReference; lastKnownFileType = sourcecode.swift; path = SenseModel.swift; sourceTree = "<group>"; };
		71B0517F25ED684D00A1EA4B /* Wordlist.sqlite */ = {isa = PBXFileReference; lastKnownFileType = file; path = Wordlist.sqlite; sourceTree = "<group>"; };
		71B4CDE42600AF0800034724 /* EntryParserService.swift */ = {isa = PBXFileReference; lastKnownFileType = sourcecode.swift; path = EntryParserService.swift; sourceTree = "<group>"; };
		71B4CDED2600AFFE00034724 /* EntryParserError.swift */ = {isa = PBXFileReference; lastKnownFileType = sourcecode.swift; path = EntryParserError.swift; sourceTree = "<group>"; };
		71B4CDF42600B2A600034724 /* EntryPageViewPresenter.swift */ = {isa = PBXFileReference; lastKnownFileType = sourcecode.swift; path = EntryPageViewPresenter.swift; sourceTree = "<group>"; };
		71B4CDFE2600DCA500034724 /* NSAttributedString.swift */ = {isa = PBXFileReference; lastKnownFileType = sourcecode.swift; path = NSAttributedString.swift; sourceTree = "<group>"; };
		71BABA60260D1C01001B5999 /* ImageScrollView.swift */ = {isa = PBXFileReference; lastKnownFileType = sourcecode.swift; path = ImageScrollView.swift; sourceTree = "<group>"; };
		71DDD0F72614D1D90072A154 /* TextRecognitionProtocols.swift */ = {isa = PBXFileReference; lastKnownFileType = sourcecode.swift; path = TextRecognitionProtocols.swift; sourceTree = "<group>"; };
		71DDD0FB2614D2190072A154 /* EntryProtocols.swift */ = {isa = PBXFileReference; lastKnownFileType = sourcecode.swift; path = EntryProtocols.swift; sourceTree = "<group>"; };
		71DDD1012614D3690072A154 /* WordlistProtocols.swift */ = {isa = PBXFileReference; lastKnownFileType = sourcecode.swift; path = WordlistProtocols.swift; sourceTree = "<group>"; };
		71DE0DC125FBFE2B008E32F2 /* SearchNavigationController.swift */ = {isa = PBXFileReference; lastKnownFileType = sourcecode.swift; path = SearchNavigationController.swift; sourceTree = "<group>"; };
		71DE0DC825FC07A1008E32F2 /* EntryToolbar.swift */ = {isa = PBXFileReference; lastKnownFileType = sourcecode.swift; path = EntryToolbar.swift; sourceTree = "<group>"; };
		71E5786925F52A8200FA98E2 /* Word+CoreDataClass.swift */ = {isa = PBXFileReference; fileEncoding = 4; lastKnownFileType = sourcecode.swift; path = "Word+CoreDataClass.swift"; sourceTree = "<group>"; };
		71E5786A25F52A8200FA98E2 /* Word+CoreDataProperties.swift */ = {isa = PBXFileReference; fileEncoding = 4; lastKnownFileType = sourcecode.swift; path = "Word+CoreDataProperties.swift"; sourceTree = "<group>"; };
		71E5786F25F52AC900FA98E2 /* EntryModel.swift */ = {isa = PBXFileReference; lastKnownFileType = sourcecode.swift; path = EntryModel.swift; sourceTree = "<group>"; };
		71E5787225F52AD400FA98E2 /* DefinitionModel.swift */ = {isa = PBXFileReference; lastKnownFileType = sourcecode.swift; path = DefinitionModel.swift; sourceTree = "<group>"; };
		71EEE99F2603422000E6DFDD /* PrivateStrings.swift */ = {isa = PBXFileReference; lastKnownFileType = sourcecode.swift; path = PrivateStrings.swift; sourceTree = "<group>"; };
		71F8D78C261C816B00696C3A /* EntryRepository.swift */ = {isa = PBXFileReference; lastKnownFileType = sourcecode.swift; path = EntryRepository.swift; sourceTree = "<group>"; };
		71F8D78F261C853900696C3A /* EntryNetworkError.swift */ = {isa = PBXFileReference; lastKnownFileType = sourcecode.swift; path = EntryNetworkError.swift; sourceTree = "<group>"; };
		765D0C98BA3CAF53792D4B37 /* Pods_LearnersDictionary.framework */ = {isa = PBXFileReference; explicitFileType = wrapper.framework; includeInIndex = 0; path = Pods_LearnersDictionary.framework; sourceTree = BUILT_PRODUCTS_DIR; };
		FD05D5A72F73A4BA691B02F9 /* Pods-LearnersDictionary.debug.xcconfig */ = {isa = PBXFileReference; includeInIndex = 1; lastKnownFileType = text.xcconfig; name = "Pods-LearnersDictionary.debug.xcconfig"; path = "Target Support Files/Pods-LearnersDictionary/Pods-LearnersDictionary.debug.xcconfig"; sourceTree = "<group>"; };
/* End PBXFileReference section */

/* Begin PBXFrameworksBuildPhase section */
		7128ABCB25ED1915000633AD /* Frameworks */ = {
			isa = PBXFrameworksBuildPhase;
			buildActionMask = 2147483647;
			files = (
				996AD9D7AD99228994AEEDE9 /* Pods_LearnersDictionary.framework in Frameworks */,
			);
			runOnlyForDeploymentPostprocessing = 0;
		};
/* End PBXFrameworksBuildPhase section */

/* Begin PBXGroup section */
		542F82C0ACF01F7987AA7ADE /* Pods */ = {
			isa = PBXGroup;
			children = (
				FD05D5A72F73A4BA691B02F9 /* Pods-LearnersDictionary.debug.xcconfig */,
				67395F5C3941506DD567D0D0 /* Pods-LearnersDictionary.release.xcconfig */,
			);
			path = Pods;
			sourceTree = "<group>";
		};
		71050E3C2607952000A3F733 /* Text Recognition */ = {
			isa = PBXGroup;
			children = (
				71DDD0F72614D1D90072A154 /* TextRecognitionProtocols.swift */,
				717C4E042607D373005C5A50 /* TextRecognitionCoordinator.swift */,
				71050E3D2607969F00A3F733 /* TextRecognitionViewController.swift */,
				71050E40260796BB00A3F733 /* TextRecognitionPresenter.swift */,
				7151977B260F3EDE00FFFEEB /* RecognizedWordsImageView.swift */,
				71519778260F37CC00FFFEEB /* RecognizedWordLayer.swift */,
			);
			path = "Text Recognition";
			sourceTree = "<group>";
		};
		710B614025F912CE0009BADA /* Entry */ = {
			isa = PBXGroup;
			children = (
				71DDD0FB2614D2190072A154 /* EntryProtocols.swift */,
				71B4CDF42600B2A600034724 /* EntryPageViewPresenter.swift */,
				710B614225F912CE0009BADA /* EntryPageViewController.swift */,
				710B614125F912CE0009BADA /* EntryViewController.swift */,
				71DE0DC825FC07A1008E32F2 /* EntryToolbar.swift */,
			);
			path = Entry;
			sourceTree = "<group>";
		};
		71130DF625F2698500FF0BD6 /* Services */ = {
			isa = PBXGroup;
			children = (
				71130DF725F269A600FF0BD6 /* CoreDataService.swift */,
				714F47DE25FFC236008E3434 /* EntryNetworkService.swift */,
				71B4CDE42600AF0800034724 /* EntryParserService.swift */,
				712CD1202608D33600F6753A /* TextRecognitionService.swift */,
			);
			path = Services;
			sourceTree = "<group>";
		};
		712419EA25F8AD4B00A0A8B1 /* Extensions */ = {
			isa = PBXGroup;
			children = (
				712419E725F8AD4700A0A8B1 /* Colors.swift */,
				71B4CDFE2600DCA500034724 /* NSAttributedString.swift */,
				7148CE452604AD7000E500F7 /* UIViewController.swift */,
				71711998260A1D5A00D2B6AF /* UIImage.swift */,
			);
			path = Extensions;
			sourceTree = "<group>";
		};
		7128ABC525ED1915000633AD = {
			isa = PBXGroup;
			children = (
				7128ABD025ED1915000633AD /* LearnersDictionary */,
				7128ABCF25ED1915000633AD /* Products */,
				542F82C0ACF01F7987AA7ADE /* Pods */,
				9EB8381462D4E97AE898EEC1 /* Frameworks */,
			);
			sourceTree = "<group>";
		};
		7128ABCF25ED1915000633AD /* Products */ = {
			isa = PBXGroup;
			children = (
				7128ABCE25ED1915000633AD /* LearnersDictionary.app */,
			);
			name = Products;
			sourceTree = "<group>";
		};
		7128ABD025ED1915000633AD /* LearnersDictionary */ = {
			isa = PBXGroup;
			children = (
				7128ABEE25ED1938000633AD /* AppDelegate.swift */,
				7128ABEB25ED1938000633AD /* Modules */,
				71B0514E25ED4C0C00A1EA4B /* Models */,
				71EEE997260334CA00E6DFDD /* Entities */,
				71130DF625F2698500FF0BD6 /* Services */,
				71F8D78B261C808A00696C3A /* Repositories */,
				71B4CDEC2600AFDD00034724 /* Errors */,
				712419EA25F8AD4B00A0A8B1 /* Extensions */,
				7128ABDD25ED1916000633AD /* Assets.xcassets */,
				7128ABDF25ED1916000633AD /* LaunchScreen.storyboard */,
				7128ABE225ED1916000633AD /* Info.plist */,
				7128ABDA25ED1915000633AD /* LearnersDictionary.xcdatamodeld */,
				71B0517F25ED684D00A1EA4B /* Wordlist.sqlite */,
				71EEE99E2603420500E6DFDD /* Private */,
			);
			path = LearnersDictionary;
			sourceTree = "<group>";
		};
		7128ABEB25ED1938000633AD /* Modules */ = {
			isa = PBXGroup;
			children = (
				7128ABEF25ED1938000633AD /* MainTabBarController.swift */,
				71DE0DAD25FB97D1008E32F2 /* Search */,
			);
			path = Modules;
			sourceTree = "<group>";
		};
		7151978426122F0A00FFFEEB /* Common Views */ = {
			isa = PBXGroup;
			children = (
				71BABA60260D1C01001B5999 /* ImageScrollView.swift */,
			);
			path = "Common Views";
			sourceTree = "<group>";
		};
		71B0514E25ED4C0C00A1EA4B /* Models */ = {
			isa = PBXGroup;
			children = (
				71E5786725F52A2400FA98E2 /* Entry */,
				7135B5752608E72300B7CBF8 /* RecognizedWordModel.swift */,
			);
			path = Models;
			sourceTree = "<group>";
		};
		71B4CDEC2600AFDD00034724 /* Errors */ = {
			isa = PBXGroup;
			children = (
				71F8D78F261C853900696C3A /* EntryNetworkError.swift */,
				71B4CDED2600AFFE00034724 /* EntryParserError.swift */,
			);
			path = Errors;
			sourceTree = "<group>";
		};
		71DE0DAB25FB9703008E32F2 /* Wordlist */ = {
			isa = PBXGroup;
			children = (
				71DDD1012614D3690072A154 /* WordlistProtocols.swift */,
				71130DFA25F26D3700FF0BD6 /* WordlistPresenter.swift */,
				7128ABEC25ED1938000633AD /* WordlistViewController.swift */,
			);
			path = Wordlist;
			sourceTree = "<group>";
		};
		71DE0DAD25FB97D1008E32F2 /* Search */ = {
			isa = PBXGroup;
			children = (
				7128ABED25ED1938000633AD /* SearchCoordinator.swift */,
				71DE0DC125FBFE2B008E32F2 /* SearchNavigationController.swift */,
				71DE0DAB25FB9703008E32F2 /* Wordlist */,
				710B614025F912CE0009BADA /* Entry */,
				71050E3C2607952000A3F733 /* Text Recognition */,
				7151978426122F0A00FFFEEB /* Common Views */,
			);
			path = Search;
			sourceTree = "<group>";
		};
		71E5786725F52A2400FA98E2 /* Entry */ = {
			isa = PBXGroup;
			children = (
				71E5786F25F52AC900FA98E2 /* EntryModel.swift */,
				71E5787225F52AD400FA98E2 /* DefinitionModel.swift */,
				718FD56D25F61BD4002DFC38 /* SenseModel.swift */,
			);
			path = Entry;
			sourceTree = "<group>";
		};
		71E5786825F52A3C00FA98E2 /* Word */ = {
			isa = PBXGroup;
			children = (
				71E5786925F52A8200FA98E2 /* Word+CoreDataClass.swift */,
				71E5786A25F52A8200FA98E2 /* Word+CoreDataProperties.swift */,
			);
			path = Word;
			sourceTree = "<group>";
		};
		71EEE997260334CA00E6DFDD /* Entities */ = {
			isa = PBXGroup;
			children = (
				71E5786825F52A3C00FA98E2 /* Word */,
			);
			path = Entities;
			sourceTree = "<group>";
		};
		71EEE99E2603420500E6DFDD /* Private */ = {
			isa = PBXGroup;
			children = (
				71EEE99F2603422000E6DFDD /* PrivateStrings.swift */,
			);
			path = Private;
			sourceTree = "<group>";
		};
		71F8D78B261C808A00696C3A /* Repositories */ = {
			isa = PBXGroup;
			children = (
				71F8D78C261C816B00696C3A /* EntryRepository.swift */,
			);
			path = Repositories;
			sourceTree = "<group>";
		};
		9EB8381462D4E97AE898EEC1 /* Frameworks */ = {
			isa = PBXGroup;
			children = (
				765D0C98BA3CAF53792D4B37 /* Pods_LearnersDictionary.framework */,
			);
			name = Frameworks;
			sourceTree = "<group>";
		};
/* End PBXGroup section */

/* Begin PBXNativeTarget section */
		7128ABCD25ED1915000633AD /* LearnersDictionary */ = {
			isa = PBXNativeTarget;
			buildConfigurationList = 7128ABE525ED1916000633AD /* Build configuration list for PBXNativeTarget "LearnersDictionary" */;
			buildPhases = (
				6D1E9BE282D2A31E3075CD85 /* [CP] Check Pods Manifest.lock */,
				7128ABCA25ED1915000633AD /* Sources */,
				7128ABCB25ED1915000633AD /* Frameworks */,
				7128ABCC25ED1915000633AD /* Resources */,
				81DAF4A1775C3A386035FF99 /* [CP] Embed Pods Frameworks */,
				712B725125EECE7F00C1F781 /* ShellScript */,
				A15E4436191B80F2A488B24B /* [CP] Copy Pods Resources */,
			);
			buildRules = (
			);
			dependencies = (
			);
			name = LearnersDictionary;
			productName = LearnersDictionary;
			productReference = 7128ABCE25ED1915000633AD /* LearnersDictionary.app */;
			productType = "com.apple.product-type.application";
		};
/* End PBXNativeTarget section */

/* Begin PBXProject section */
		7128ABC625ED1915000633AD /* Project object */ = {
			isa = PBXProject;
			attributes = {
				LastSwiftUpdateCheck = 1240;
				LastUpgradeCheck = 1240;
				TargetAttributes = {
					7128ABCD25ED1915000633AD = {
						CreatedOnToolsVersion = 12.4;
						LastSwiftMigration = 1240;
					};
				};
			};
			buildConfigurationList = 7128ABC925ED1915000633AD /* Build configuration list for PBXProject "LearnersDictionary" */;
			compatibilityVersion = "Xcode 9.3";
			developmentRegion = en;
			hasScannedForEncodings = 0;
			knownRegions = (
				en,
				Base,
			);
			mainGroup = 7128ABC525ED1915000633AD;
			productRefGroup = 7128ABCF25ED1915000633AD /* Products */;
			projectDirPath = "";
			projectRoot = "";
			targets = (
				7128ABCD25ED1915000633AD /* LearnersDictionary */,
			);
		};
/* End PBXProject section */

/* Begin PBXResourcesBuildPhase section */
		7128ABCC25ED1915000633AD /* Resources */ = {
			isa = PBXResourcesBuildPhase;
			buildActionMask = 2147483647;
			files = (
				7128ABE125ED1916000633AD /* LaunchScreen.storyboard in Resources */,
				7128ABDE25ED1916000633AD /* Assets.xcassets in Resources */,
				71B0518025ED684D00A1EA4B /* Wordlist.sqlite in Resources */,
			);
			runOnlyForDeploymentPostprocessing = 0;
		};
/* End PBXResourcesBuildPhase section */

/* Begin PBXShellScriptBuildPhase section */
		6D1E9BE282D2A31E3075CD85 /* [CP] Check Pods Manifest.lock */ = {
			isa = PBXShellScriptBuildPhase;
			buildActionMask = 2147483647;
			files = (
			);
			inputFileListPaths = (
			);
			inputPaths = (
				"${PODS_PODFILE_DIR_PATH}/Podfile.lock",
				"${PODS_ROOT}/Manifest.lock",
			);
			name = "[CP] Check Pods Manifest.lock";
			outputFileListPaths = (
			);
			outputPaths = (
				"$(DERIVED_FILE_DIR)/Pods-LearnersDictionary-checkManifestLockResult.txt",
			);
			runOnlyForDeploymentPostprocessing = 0;
			shellPath = /bin/sh;
			shellScript = "diff \"${PODS_PODFILE_DIR_PATH}/Podfile.lock\" \"${PODS_ROOT}/Manifest.lock\" > /dev/null\nif [ $? != 0 ] ; then\n    # print error to STDERR\n    echo \"error: The sandbox is not in sync with the Podfile.lock. Run 'pod install' or update your CocoaPods installation.\" >&2\n    exit 1\nfi\n# This output is used by Xcode 'outputs' to avoid re-running this script phase.\necho \"SUCCESS\" > \"${SCRIPT_OUTPUT_FILE_0}\"\n";
			showEnvVarsInLog = 0;
		};
		712B725125EECE7F00C1F781 /* ShellScript */ = {
			isa = PBXShellScriptBuildPhase;
			buildActionMask = 2147483647;
			files = (
			);
			inputFileListPaths = (
			);
			inputPaths = (
			);
			outputFileListPaths = (
			);
			outputPaths = (
			);
			runOnlyForDeploymentPostprocessing = 0;
			shellPath = /bin/sh;
			shellScript = "if [ -f ./com.raywenderlich.swiftlint.yml ]; then\n  if which swiftlint >/dev/null; then\n    swiftlint --no-cache --config ./com.raywenderlich.swiftlint.yml\n  fi\nfi\n";
		};
		81DAF4A1775C3A386035FF99 /* [CP] Embed Pods Frameworks */ = {
			isa = PBXShellScriptBuildPhase;
			buildActionMask = 2147483647;
			files = (
			);
			inputFileListPaths = (
				"${PODS_ROOT}/Target Support Files/Pods-LearnersDictionary/Pods-LearnersDictionary-frameworks-${CONFIGURATION}-input-files.xcfilelist",
			);
			name = "[CP] Embed Pods Frameworks";
			outputFileListPaths = (
				"${PODS_ROOT}/Target Support Files/Pods-LearnersDictionary/Pods-LearnersDictionary-frameworks-${CONFIGURATION}-output-files.xcfilelist",
			);
			runOnlyForDeploymentPostprocessing = 0;
			shellPath = /bin/sh;
			shellScript = "\"${PODS_ROOT}/Target Support Files/Pods-LearnersDictionary/Pods-LearnersDictionary-frameworks.sh\"\n";
			showEnvVarsInLog = 0;
		};
		A15E4436191B80F2A488B24B /* [CP] Copy Pods Resources */ = {
			isa = PBXShellScriptBuildPhase;
			buildActionMask = 2147483647;
			files = (
			);
			inputFileListPaths = (
				"${PODS_ROOT}/Target Support Files/Pods-LearnersDictionary/Pods-LearnersDictionary-resources-${CONFIGURATION}-input-files.xcfilelist",
			);
			name = "[CP] Copy Pods Resources";
			outputFileListPaths = (
				"${PODS_ROOT}/Target Support Files/Pods-LearnersDictionary/Pods-LearnersDictionary-resources-${CONFIGURATION}-output-files.xcfilelist",
			);
			runOnlyForDeploymentPostprocessing = 0;
			shellPath = /bin/sh;
			shellScript = "\"${PODS_ROOT}/Target Support Files/Pods-LearnersDictionary/Pods-LearnersDictionary-resources.sh\"\n";
			showEnvVarsInLog = 0;
		};
/* End PBXShellScriptBuildPhase section */

/* Begin PBXSourcesBuildPhase section */
		7128ABCA25ED1915000633AD /* Sources */ = {
			isa = PBXSourcesBuildPhase;
			buildActionMask = 2147483647;
			files = (
				71DDD0FC2614D2190072A154 /* EntryProtocols.swift in Sources */,
				71B4CDF52600B2A600034724 /* EntryPageViewPresenter.swift in Sources */,
				718FD56E25F61BD4002DFC38 /* SenseModel.swift in Sources */,
				71DDD1022614D3690072A154 /* WordlistProtocols.swift in Sources */,
				712419E825F8AD4700A0A8B1 /* Colors.swift in Sources */,
				71E5787025F52AC900FA98E2 /* EntryModel.swift in Sources */,
				710B614425F912CE0009BADA /* EntryPageViewController.swift in Sources */,
				710B614325F912CE0009BADA /* EntryViewController.swift in Sources */,
				717C4E052607D373005C5A50 /* TextRecognitionCoordinator.swift in Sources */,
				7128ABF225ED1938000633AD /* SearchCoordinator.swift in Sources */,
				71050E41260796BB00A3F733 /* TextRecognitionPresenter.swift in Sources */,
				71E5786C25F52A8200FA98E2 /* Word+CoreDataProperties.swift in Sources */,
				71050E3E2607969F00A3F733 /* TextRecognitionViewController.swift in Sources */,
				71B4CDFF2600DCA500034724 /* NSAttributedString.swift in Sources */,
				7151977C260F3EDE00FFFEEB /* RecognizedWordsImageView.swift in Sources */,
				71E5786B25F52A8200FA98E2 /* Word+CoreDataClass.swift in Sources */,
				71DDD0F82614D1D90072A154 /* TextRecognitionProtocols.swift in Sources */,
				71711999260A1D5A00D2B6AF /* UIImage.swift in Sources */,
				71F8D790261C853900696C3A /* EntryNetworkError.swift in Sources */,
				7128ABF125ED1938000633AD /* WordlistViewController.swift in Sources */,
				71F8D78D261C816B00696C3A /* EntryRepository.swift in Sources */,
				714F47DF25FFC236008E3434 /* EntryNetworkService.swift in Sources */,
				71130DFB25F26D3700FF0BD6 /* WordlistPresenter.swift in Sources */,
				71B4CDE52600AF0800034724 /* EntryParserService.swift in Sources */,
				7148CE462604AD7000E500F7 /* UIViewController.swift in Sources */,
				71DE0DC225FBFE2B008E32F2 /* SearchNavigationController.swift in Sources */,
				7128ABF425ED1938000633AD /* MainTabBarController.swift in Sources */,
				71130DF825F269A600FF0BD6 /* CoreDataService.swift in Sources */,
				71DE0DC925FC07A1008E32F2 /* EntryToolbar.swift in Sources */,
				712CD1212608D33600F6753A /* TextRecognitionService.swift in Sources */,
				71EEE9A02603422000E6DFDD /* PrivateStrings.swift in Sources */,
				71E5787325F52AD400FA98E2 /* DefinitionModel.swift in Sources */,
				7128ABF325ED1938000633AD /* AppDelegate.swift in Sources */,
				71B4CDEE2600AFFE00034724 /* EntryParserError.swift in Sources */,
				7128ABDC25ED1915000633AD /* LearnersDictionary.xcdatamodeld in Sources */,
				71BABA61260D1C01001B5999 /* ImageScrollView.swift in Sources */,
				71519779260F37CC00FFFEEB /* RecognizedWordLayer.swift in Sources */,
				7135B5762608E72300B7CBF8 /* RecognizedWordModel.swift in Sources */,
			);
			runOnlyForDeploymentPostprocessing = 0;
		};
/* End PBXSourcesBuildPhase section */

/* Begin PBXVariantGroup section */
		7128ABDF25ED1916000633AD /* LaunchScreen.storyboard */ = {
			isa = PBXVariantGroup;
			children = (
				7128ABE025ED1916000633AD /* Base */,
			);
			name = LaunchScreen.storyboard;
			sourceTree = "<group>";
		};
/* End PBXVariantGroup section */

/* Begin XCBuildConfiguration section */
		7128ABE325ED1916000633AD /* Debug */ = {
			isa = XCBuildConfiguration;
			buildSettings = {
				ALWAYS_SEARCH_USER_PATHS = NO;
				CLANG_ANALYZER_NONNULL = YES;
				CLANG_ANALYZER_NUMBER_OBJECT_CONVERSION = YES_AGGRESSIVE;
				CLANG_CXX_LANGUAGE_STANDARD = "gnu++14";
				CLANG_CXX_LIBRARY = "libc++";
				CLANG_ENABLE_MODULES = YES;
				CLANG_ENABLE_OBJC_ARC = YES;
				CLANG_ENABLE_OBJC_WEAK = YES;
				CLANG_WARN_BLOCK_CAPTURE_AUTORELEASING = YES;
				CLANG_WARN_BOOL_CONVERSION = YES;
				CLANG_WARN_COMMA = YES;
				CLANG_WARN_CONSTANT_CONVERSION = YES;
				CLANG_WARN_DEPRECATED_OBJC_IMPLEMENTATIONS = YES;
				CLANG_WARN_DIRECT_OBJC_ISA_USAGE = YES_ERROR;
				CLANG_WARN_DOCUMENTATION_COMMENTS = YES;
				CLANG_WARN_EMPTY_BODY = YES;
				CLANG_WARN_ENUM_CONVERSION = YES;
				CLANG_WARN_INFINITE_RECURSION = YES;
				CLANG_WARN_INT_CONVERSION = YES;
				CLANG_WARN_NON_LITERAL_NULL_CONVERSION = YES;
				CLANG_WARN_OBJC_IMPLICIT_RETAIN_SELF = YES;
				CLANG_WARN_OBJC_LITERAL_CONVERSION = YES;
				CLANG_WARN_OBJC_ROOT_CLASS = YES_ERROR;
				CLANG_WARN_QUOTED_INCLUDE_IN_FRAMEWORK_HEADER = YES;
				CLANG_WARN_RANGE_LOOP_ANALYSIS = YES;
				CLANG_WARN_STRICT_PROTOTYPES = YES;
				CLANG_WARN_SUSPICIOUS_MOVE = YES;
				CLANG_WARN_UNGUARDED_AVAILABILITY = YES_AGGRESSIVE;
				CLANG_WARN_UNREACHABLE_CODE = YES;
				CLANG_WARN__DUPLICATE_METHOD_MATCH = YES;
				COPY_PHASE_STRIP = NO;
				DEBUG_INFORMATION_FORMAT = dwarf;
				ENABLE_STRICT_OBJC_MSGSEND = YES;
				ENABLE_TESTABILITY = YES;
				GCC_C_LANGUAGE_STANDARD = gnu11;
				GCC_DYNAMIC_NO_PIC = NO;
				GCC_NO_COMMON_BLOCKS = YES;
				GCC_OPTIMIZATION_LEVEL = 0;
				GCC_PREPROCESSOR_DEFINITIONS = (
					"DEBUG=1",
					"$(inherited)",
				);
				GCC_WARN_64_TO_32_BIT_CONVERSION = YES;
				GCC_WARN_ABOUT_RETURN_TYPE = YES_ERROR;
				GCC_WARN_UNDECLARED_SELECTOR = YES;
				GCC_WARN_UNINITIALIZED_AUTOS = YES_AGGRESSIVE;
				GCC_WARN_UNUSED_FUNCTION = YES;
				GCC_WARN_UNUSED_VARIABLE = YES;
				IPHONEOS_DEPLOYMENT_TARGET = 11.0;
				MTL_ENABLE_DEBUG_INFO = INCLUDE_SOURCE;
				MTL_FAST_MATH = YES;
				ONLY_ACTIVE_ARCH = YES;
				SDKROOT = iphoneos;
				SWIFT_ACTIVE_COMPILATION_CONDITIONS = DEBUG;
				SWIFT_OPTIMIZATION_LEVEL = "-Onone";
			};
			name = Debug;
		};
		7128ABE425ED1916000633AD /* Release */ = {
			isa = XCBuildConfiguration;
			buildSettings = {
				ALWAYS_SEARCH_USER_PATHS = NO;
				CLANG_ANALYZER_NONNULL = YES;
				CLANG_ANALYZER_NUMBER_OBJECT_CONVERSION = YES_AGGRESSIVE;
				CLANG_CXX_LANGUAGE_STANDARD = "gnu++14";
				CLANG_CXX_LIBRARY = "libc++";
				CLANG_ENABLE_MODULES = YES;
				CLANG_ENABLE_OBJC_ARC = YES;
				CLANG_ENABLE_OBJC_WEAK = YES;
				CLANG_WARN_BLOCK_CAPTURE_AUTORELEASING = YES;
				CLANG_WARN_BOOL_CONVERSION = YES;
				CLANG_WARN_COMMA = YES;
				CLANG_WARN_CONSTANT_CONVERSION = YES;
				CLANG_WARN_DEPRECATED_OBJC_IMPLEMENTATIONS = YES;
				CLANG_WARN_DIRECT_OBJC_ISA_USAGE = YES_ERROR;
				CLANG_WARN_DOCUMENTATION_COMMENTS = YES;
				CLANG_WARN_EMPTY_BODY = YES;
				CLANG_WARN_ENUM_CONVERSION = YES;
				CLANG_WARN_INFINITE_RECURSION = YES;
				CLANG_WARN_INT_CONVERSION = YES;
				CLANG_WARN_NON_LITERAL_NULL_CONVERSION = YES;
				CLANG_WARN_OBJC_IMPLICIT_RETAIN_SELF = YES;
				CLANG_WARN_OBJC_LITERAL_CONVERSION = YES;
				CLANG_WARN_OBJC_ROOT_CLASS = YES_ERROR;
				CLANG_WARN_QUOTED_INCLUDE_IN_FRAMEWORK_HEADER = YES;
				CLANG_WARN_RANGE_LOOP_ANALYSIS = YES;
				CLANG_WARN_STRICT_PROTOTYPES = YES;
				CLANG_WARN_SUSPICIOUS_MOVE = YES;
				CLANG_WARN_UNGUARDED_AVAILABILITY = YES_AGGRESSIVE;
				CLANG_WARN_UNREACHABLE_CODE = YES;
				CLANG_WARN__DUPLICATE_METHOD_MATCH = YES;
				COPY_PHASE_STRIP = NO;
				DEBUG_INFORMATION_FORMAT = "dwarf-with-dsym";
				ENABLE_NS_ASSERTIONS = NO;
				ENABLE_STRICT_OBJC_MSGSEND = YES;
				GCC_C_LANGUAGE_STANDARD = gnu11;
				GCC_NO_COMMON_BLOCKS = YES;
				GCC_WARN_64_TO_32_BIT_CONVERSION = YES;
				GCC_WARN_ABOUT_RETURN_TYPE = YES_ERROR;
				GCC_WARN_UNDECLARED_SELECTOR = YES;
				GCC_WARN_UNINITIALIZED_AUTOS = YES_AGGRESSIVE;
				GCC_WARN_UNUSED_FUNCTION = YES;
				GCC_WARN_UNUSED_VARIABLE = YES;
				IPHONEOS_DEPLOYMENT_TARGET = 11.0;
				MTL_ENABLE_DEBUG_INFO = NO;
				MTL_FAST_MATH = YES;
				SDKROOT = iphoneos;
				SWIFT_COMPILATION_MODE = wholemodule;
				SWIFT_OPTIMIZATION_LEVEL = "-O";
				VALIDATE_PRODUCT = YES;
			};
			name = Release;
		};
		7128ABE625ED1916000633AD /* Debug */ = {
			isa = XCBuildConfiguration;
			baseConfigurationReference = FD05D5A72F73A4BA691B02F9 /* Pods-LearnersDictionary.debug.xcconfig */;
			buildSettings = {
				ASSETCATALOG_COMPILER_APPICON_NAME = AppIcon;
				ASSETCATALOG_COMPILER_GLOBAL_ACCENT_COLOR_NAME = AccentColor;
				CLANG_ENABLE_MODULES = YES;
				CODE_SIGN_STYLE = Automatic;
				DEVELOPMENT_TEAM = VA8A2WZVZN;
				INFOPLIST_FILE = LearnersDictionary/Info.plist;
				LD_RUNPATH_SEARCH_PATHS = (
					"$(inherited)",
					"@executable_path/Frameworks",
				);
				PRODUCT_BUNDLE_IDENTIFIER = RobertMukhtarov.LearnersDictionary;
				PRODUCT_NAME = "$(TARGET_NAME)";
				SWIFT_OPTIMIZATION_LEVEL = "-Onone";
				SWIFT_VERSION = 5.0;
				TARGETED_DEVICE_FAMILY = 1;
			};
			name = Debug;
		};
		7128ABE725ED1916000633AD /* Release */ = {
			isa = XCBuildConfiguration;
			baseConfigurationReference = 67395F5C3941506DD567D0D0 /* Pods-LearnersDictionary.release.xcconfig */;
			buildSettings = {
				ASSETCATALOG_COMPILER_APPICON_NAME = AppIcon;
				ASSETCATALOG_COMPILER_GLOBAL_ACCENT_COLOR_NAME = AccentColor;
				CLANG_ENABLE_MODULES = YES;
				CODE_SIGN_STYLE = Automatic;
				DEVELOPMENT_TEAM = VA8A2WZVZN;
				INFOPLIST_FILE = LearnersDictionary/Info.plist;
				LD_RUNPATH_SEARCH_PATHS = (
					"$(inherited)",
					"@executable_path/Frameworks",
				);
				PRODUCT_BUNDLE_IDENTIFIER = RobertMukhtarov.LearnersDictionary;
				PRODUCT_NAME = "$(TARGET_NAME)";
				SWIFT_VERSION = 5.0;
				TARGETED_DEVICE_FAMILY = 1;
			};
			name = Release;
		};
/* End XCBuildConfiguration section */

/* Begin XCConfigurationList section */
		7128ABC925ED1915000633AD /* Build configuration list for PBXProject "LearnersDictionary" */ = {
			isa = XCConfigurationList;
			buildConfigurations = (
				7128ABE325ED1916000633AD /* Debug */,
				7128ABE425ED1916000633AD /* Release */,
			);
			defaultConfigurationIsVisible = 0;
			defaultConfigurationName = Release;
		};
		7128ABE525ED1916000633AD /* Build configuration list for PBXNativeTarget "LearnersDictionary" */ = {
			isa = XCConfigurationList;
			buildConfigurations = (
				7128ABE625ED1916000633AD /* Debug */,
				7128ABE725ED1916000633AD /* Release */,
			);
			defaultConfigurationIsVisible = 0;
			defaultConfigurationName = Release;
		};
/* End XCConfigurationList section */

/* Begin XCVersionGroup section */
		7128ABDA25ED1915000633AD /* LearnersDictionary.xcdatamodeld */ = {
			isa = XCVersionGroup;
			children = (
				7128ABDB25ED1915000633AD /* LearnersDictionary.xcdatamodel */,
			);
			currentVersion = 7128ABDB25ED1915000633AD /* LearnersDictionary.xcdatamodel */;
			path = LearnersDictionary.xcdatamodeld;
			sourceTree = "<group>";
			versionGroupType = wrapper.xcdatamodel;
		};
/* End XCVersionGroup section */
	};
	rootObject = 7128ABC625ED1915000633AD /* Project object */;
}
